
Microsoft Visual Studio Solution File, Format Version 12.00
# Visual Studio 2013
VisualStudioVersion = 12.0.30723.0
MinimumVisualStudioVersion = 10.0.40219.1
Project("{FAE04EC0-301F-11D3-BF4B-00C04F79EFBC}") = "Topshelf.Windsor", "src\Topshelf.Windsor\Topshelf.Windsor.csproj", "{F8389FAE-7BAD-48C6-A832-6EF8C08C25AE}"
EndProject
Project("{2150E333-8FDC-42A3-9474-1A3956D46DE8}") = ".nuget", ".nuget", "{567FED4E-9DFD-416E-9CBA-FD50CBEA8316}"
	ProjectSection(SolutionItems) = preProject
		.nuget\NuGet.Config = .nuget\NuGet.Config
		.nuget\NuGet.exe = .nuget\NuGet.exe
		.nuget\NuGet.targets = .nuget\NuGet.targets
	EndProjectSection
EndProject
Global
	GlobalSection(SolutionConfigurationPlatforms) = preSolution
		Debug|Any CPU = Debug|Any CPU
		Release|Any CPU = Release|Any CPU
	EndGlobalSection
	GlobalSection(ProjectConfigurationPlatforms) = postSolution
		{F8389FAE-7BAD-48C6-A832-6EF8C08C25AE}.Debug|Any CPU.ActiveCfg = Debug|Any CPU
		{F8389FAE-7BAD-48C6-A832-6EF8C08C25AE}.Debug|Any CPU.Build.0 = Debug|Any CPU
		{F8389FAE-7BAD-48C6-A832-6EF8C08C25AE}.Release|Any CPU.ActiveCfg = Release|Any CPU
		{F8389FAE-7BAD-48C6-A832-6EF8C08C25AE}.Release|Any CPU.Build.0 = Release|Any CPU
	EndGlobalSection
	GlobalSection(SolutionProperties) = preSolution
		HideSolutionNode = FALSE
	EndGlobalSection
EndGlobal
